<?xml version="1.0" encoding="utf-8"?>
<Project ToolsVersion="4.0" xmlns="http://schemas.microsoft.com/developer/msbuild/2003">
  <ItemGroup>
    <Filter Include="Source Files">
      <UniqueIdentifier>{4FC737F1-C7A5-4376-A066-2A32D752A2FF}</UniqueIdentifier>
      <Extensions>cpp;c;cc;cxx;def;odl;idl;hpj;bat;asm;asmx</Extensions>
    </Filter>
    <Filter Include="Header Files">
      <UniqueIdentifier>{93995380-89BD-4b04-88EB-625FBE52EBFB}</UniqueIdentifier>
      <Extensions>h;hpp;hxx;hm;inl;inc;xsd</Extensions>
    </Filter>
    <Filter Include="json">
      <UniqueIdentifier>{6b3cd941-d20e-4ea9-9d07-442e8f01df51}</UniqueIdentifier>
    </Filter>
    <Filter Include="opt">
      <UniqueIdentifier>{1a8c6333-c999-4bf2-b8e1-65a196b4e20e}</UniqueIdentifier>
    </Filter>
  </ItemGroup>
  <ItemGroup>
    <None Include="x86_64\sha256_xmm_amd64.asm">
      <Filter>Source Files</Filter>
    </None>
  </ItemGroup>
  <ItemGroup>
    <ClInclude Include="adl.h">
      <Filter>Header Files</Filter>
    </ClInclude>
    <ClInclude Include="adl_functions.h">
      <Filter>Header Files</Filter>
    </ClInclude>
    <ClInclude Include="arg-nonnull.h">
      <Filter>Header Files</Filter>
    </ClInclude>
    <ClInclude Include="bench_block.h">
      <Filter>Header Files</Filter>
    </ClInclude>
    <ClInclude Include="c++defs.h">
      <Filter>Header Files</Filter>
    </ClInclude>
    <ClInclude Include="compat.h">
      <Filter>Header Files</Filter>
    </ClInclude>
    <ClInclude Include="driver-cpu.h">
      <Filter>Header Files</Filter>
    </ClInclude>
    <ClInclude Include="driver-opencl.h">
      <Filter>Header Files</Filter>
    </ClInclude>
    <ClInclude Include="elist.h">
      <Filter>Header Files</Filter>
    </ClInclude>
    <ClInclude Include="findnonce.h">
      <Filter>Header Files</Filter>
    </ClInclude>
    <ClInclude Include="fpgautils.h">
      <Filter>Header Files</Filter>
    </ClInclude>
    <ClInclude Include="libztex.h">
      <Filter>Header Files</Filter>
    </ClInclude>
    <ClInclude Include="logging.h">
      <Filter>Header Files</Filter>
    </ClInclude>
    <ClInclude Include="miner.h">
      <Filter>Header Files</Filter>
    </ClInclude>
    <ClInclude Include="ocl.h">
      <Filter>Header Files</Filter>
    </ClInclude>
    <ClInclude Include="scrypt.h">
      <Filter>Header Files</Filter>
    </ClInclude>
    <ClInclude Include="sha2.h">
      <Filter>Header Files</Filter>
    </ClInclude>
    <ClInclude Include="uthash.h">
      <Filter>Header Files</Filter>
    </ClInclude>
    <ClInclude Include="warn-on-use.h">
      <Filter>Header Files</Filter>
    </ClInclude>
    <ClInclude Include="config.h">
      <Filter>Header Files</Filter>
    </ClInclude>
    <ClInclude Include="ccan\opt\opt.h">
      <Filter>opt</Filter>
    </ClInclude>
    <ClInclude Include="ccan\opt\private.h">
      <Filter>opt</Filter>
    </ClInclude>
    <ClInclude Include="compat\jansson\config.h">
      <Filter>json</Filter>
    </ClInclude>
    <ClInclude Include="compat\jansson\hashtable.h">
      <Filter>json</Filter>
    </ClInclude>
    <ClInclude Include="compat\jansson\jansson.h">
      <Filter>json</Filter>
    </ClInclude>
    <ClInclude Include="compat\jansson\jansson_private.h">
      <Filter>json</Filter>
    </ClInclude>
    <ClInclude Include="compat\jansson\strbuffer.h">
      <Filter>json</Filter>
    </ClInclude>
    <ClInclude Include="compat\jansson\utf.h">
      <Filter>json</Filter>
    </ClInclude>
    <ClInclude Include="compat\jansson\util.h">
      <Filter>json</Filter>
    </ClInclude>
  </ItemGroup>
  <ItemGroup>
    <ClCompile Include="adl.c">
      <Filter>Source Files</Filter>
    </ClCompile>
    <ClCompile Include="api.c">
      <Filter>Source Files</Filter>
    </ClCompile>
    <ClCompile Include="driver-cpu.c">
      <Filter>Source Files</Filter>
    </ClCompile>
    <ClCompile Include="driver-opencl.c">
      <Filter>Source Files</Filter>
    </ClCompile>
    <ClCompile Include="findnonce.c">
      <Filter>Source Files</Filter>
    </ClCompile>
    <ClCompile Include="logging.c">
      <Filter>Source Files</Filter>
    </ClCompile>
    <ClCompile Include="ocl.c">
      <Filter>Source Files</Filter>
    </ClCompile>
    <ClCompile Include="scrypt.c">
      <Filter>Source Files</Filter>
    </ClCompile>
    <ClCompile Include="sha2.c">
      <Filter>Source Files</Filter>
    </ClCompile>
    <ClCompile Include="sha256_4way.c">
      <Filter>Source Files</Filter>
    </ClCompile>
    <ClCompile Include="sha256_altivec_4way.c">
      <Filter>Source Files</Filter>
    </ClCompile>
    <ClCompile Include="sha256_cryptopp.c">
      <Filter>Source Files</Filter>
    </ClCompile>
    <ClCompile Include="sha256_generic.c">
      <Filter>Source Files</Filter>
    </ClCompile>
    <ClCompile Include="sha256_sse2_amd64.c">
      <Filter>Source Files</Filter>
    </ClCompile>
    <ClCompile Include="sha256_sse2_i386.c">
      <Filter>Source Files</Filter>
    </ClCompile>
    <ClCompile Include="sha256_sse4_amd64.c">
      <Filter>Source Files</Filter>
    </ClCompile>
    <ClCompile Include="sha256_via.c">
      <Filter>Source Files</Filter>
    </ClCompile>
    <ClCompile Include="ccan\opt\helpers.c">
      <Filter>opt</Filter>
    </ClCompile>
    <ClCompile Include="ccan\opt\opt.c">
      <Filter>opt</Filter>
    </ClCompile>
    <ClCompile Include="ccan\opt\parse.c">
      <Filter>opt</Filter>
    </ClCompile>
    <ClCompile Include="ccan\opt\usage.c">
      <Filter>opt</Filter>
    </ClCompile>
    <ClCompile Include="compat\jansson\dump.c">
      <Filter>json</Filter>
    </ClCompile>
    <ClCompile Include="compat\jansson\hashtable.c">
      <Filter>json</Filter>
    </ClCompile>
    <ClCompile Include="compat\jansson\load.c">
      <Filter>json</Filter>
    </ClCompile>
    <ClCompile Include="compat\jansson\strbuffer.c">
      <Filter>json</Filter>
    </ClCompile>
    <ClCompile Include="compat\jansson\utf.c">
      <Filter>json</Filter>
    </ClCompile>
    <ClCompile Include="compat\jansson\value.c">
      <Filter>json</Filter>
    </ClCompile>
    <ClCompile Include="util.c">
      <Filter>Source Files</Filter>
    </ClCompile>
    <ClCompile Include="cgminer.c">
      <Filter>Source Files</Filter>
    </ClCompile>
  </ItemGroup>
  <ItemGroup>
    <YASM Include="x86_64\sha256_sse4_amd64_.asm">
      <Filter>Source Files</Filter>
    </YASM>
  </ItemGroup>
</Project>